
Microsoft Visual Studio Solution File, Format Version 12.00
# Visual Studio 15
VisualStudioVersion = 15.0.28307.1433
MinimumVisualStudioVersion = 10.0.40219.1
Project("{FAE04EC0-301F-11D3-BF4B-00C04F79EFBC}") = "PremierServiceSolutions", "PremierServiceSolutions\PremierServiceSolutions.csproj", "{AD9EFEA7-FC30-4BCC-87A8-98995CFC6492}"
EndProject
Global
	GlobalSection(SolutionConfigurationPlatforms) = preSolution
		Debug|Any CPU = Debug|Any CPU
		Release|Any CPU = Release|Any CPU
	EndGlobalSection
	GlobalSection(ProjectConfigurationPlatforms) = postSolution
		{AD9EFEA7-FC30-4BCC-87A8-98995CFC6492}.Debug|Any CPU.ActiveCfg = Debug|Any CPU
		{AD9EFEA7-FC30-4BCC-87A8-98995CFC6492}.Debug|Any CPU.Build.0 = Debug|Any CPU
		{AD9EFEA7-FC30-4BCC-87A8-98995CFC6492}.Release|Any CPU.ActiveCfg = Release|Any CPU
		{AD9EFEA7-FC30-4BCC-87A8-98995CFC6492}.Release|Any CPU.Build.0 = Release|Any CPU
	EndGlobalSection
	GlobalSection(SolutionProperties) = preSolution
		HideSolutionNode = FALSE
	EndGlobalSection
	GlobalSection(ExtensibilityGlobals) = postSolution
		SolutionGuid = {A7694E5B-CC1A-44E3-B762-3B30835E25D1}
	EndGlobalSection
EndGlobal
